
Microsoft Visual Studio Solution File, Format Version 12.00
# Visual Studio 14
VisualStudioVersion = 14.0.25420.1
MinimumVisualStudioVersion = 10.0.40219.1
Project("{FAE04EC0-301F-11D3-BF4B-00C04F79EFBC}") = "App9.Droid", "App9\App9.Droid\App9.Droid.csproj", "{86F99F35-3A8B-49DE-82CF-12D3AC05C517}"
EndProject
Project("{FAE04EC0-301F-11D3-BF4B-00C04F79EFBC}") = "App9.iOS", "App9\App9.iOS\App9.iOS.csproj", "{73E16D4A-B62E-45C4-BF2B-342F24CF37CE}"
EndProject
Project("{FAE04EC0-301F-11D3-BF4B-00C04F79EFBC}") = "App9.WinPhone", "App9\App9.WinPhone\App9.WinPhone.csproj", "{69C0A398-A4CB-4AEF-9B8C-5011C70E99D4}"
EndProject
Project("{FAE04EC0-301F-11D3-BF4B-00C04F79EFBC}") = "App9.UWP", "App9\App9.UWP\App9.UWP.csproj", "{313F64C5-6DD2-41FA-AD79-CE9CBEB682C8}"
EndProject
Project("{FAE04EC0-301F-11D3-BF4B-00C04F79EFBC}") = "App9.Windows", "App9\App9.Windows\App9.Windows.csproj", "{3EA524A5-0C81-40E0-AE4B-D05569F21A00}"
EndProject
Project("{FAE04EC0-301F-11D3-BF4B-00C04F79EFBC}") = "App9", "App9\App9\App9.csproj", "{F65C010C-125A-4561-8DAA-5C7F27E42B0A}"
EndProject
Global
	GlobalSection(SolutionConfigurationPlatforms) = preSolution
		Ad-Hoc|Any CPU = Ad-Hoc|Any CPU
		Ad-Hoc|ARM = Ad-Hoc|ARM
		Ad-Hoc|iPhone = Ad-Hoc|iPhone
		Ad-Hoc|iPhoneSimulator = Ad-Hoc|iPhoneSimulator
		Ad-Hoc|x64 = Ad-Hoc|x64
		Ad-Hoc|x86 = Ad-Hoc|x86
		AppStore|Any CPU = AppStore|Any CPU
		AppStore|ARM = AppStore|ARM
		AppStore|iPhone = AppStore|iPhone
		AppStore|iPhoneSimulator = AppStore|iPhoneSimulator
		AppStore|x64 = AppStore|x64
		AppStore|x86 = AppStore|x86
		Debug|Any CPU = Debug|Any CPU
		Debug|ARM = Debug|ARM
		Debug|iPhone = Debug|iPhone
		Debug|iPhoneSimulator = Debug|iPhoneSimulator
		Debug|x64 = Debug|x64
		Debug|x86 = Debug|x86
		Release|Any CPU = Release|Any CPU
		Release|ARM = Release|ARM
		Release|iPhone = Release|iPhone
		Release|iPhoneSimulator = Release|iPhoneSimulator
		Release|x64 = Release|x64
		Release|x86 = Release|x86
	EndGlobalSection
	GlobalSection(ProjectConfigurationPlatforms) = postSolution
		{86F99F35-3A8B-49DE-82CF-12D3AC05C517}.Ad-Hoc|Any CPU.ActiveCfg = Release|Any CPU
		{86F99F35-3A8B-49DE-82CF-12D3AC05C517}.Ad-Hoc|Any CPU.Build.0 = Release|Any CPU
		{86F99F35-3A8B-49DE-82CF-12D3AC05C517}.Ad-Hoc|Any CPU.Deploy.0 = Release|Any CPU
		{86F99F35-3A8B-49DE-82CF-12D3AC05C517}.Ad-Hoc|ARM.ActiveCfg = Release|Any CPU
		{86F99F35-3A8B-49DE-82CF-12D3AC05C517}.Ad-Hoc|ARM.Build.0 = Release|Any CPU
		{86F99F35-3A8B-49DE-82CF-12D3AC05C517}.Ad-Hoc|ARM.Deploy.0 = Release|Any CPU
		{86F99F35-3A8B-49DE-82CF-12D3AC05C517}.Ad-Hoc|iPhone.ActiveCfg = Release|Any CPU
		{86F99F35-3A8B-49DE-82CF-12D3AC05C517}.Ad-Hoc|iPhone.Build.0 = Release|Any CPU
		{86F99F35-3A8B-49DE-82CF-12D3AC05C517}.Ad-Hoc|iPhone.Deploy.0 = Release|Any CPU
		{86F99F35-3A8B-49DE-82CF-12D3AC05C517}.Ad-Hoc|iPhoneSimulator.ActiveCfg = Release|Any CPU
		{86F99F35-3A8B-49DE-82CF-12D3AC05C517}.Ad-Hoc|iPhoneSimulator.Build.0 = Release|Any CPU
		{86F99F35-3A8B-49DE-82CF-12D3AC05C517}.Ad-Hoc|iPhoneSimulator.Deploy.0 = Release|Any CPU
		{86F99F35-3A8B-49DE-82CF-12D3AC05C517}.Ad-Hoc|x64.ActiveCfg = Release|Any CPU
		{86F99F35-3A8B-49DE-82CF-12D3AC05C517}.Ad-Hoc|x64.Build.0 = Release|Any CPU
		{86F99F35-3A8B-49DE-82CF-12D3AC05C517}.Ad-Hoc|x64.Deploy.0 = Release|Any CPU
		{86F99F35-3A8B-49DE-82CF-12D3AC05C517}.Ad-Hoc|x86.ActiveCfg = Release|Any CPU
		{86F99F35-3A8B-49DE-82CF-12D3AC05C517}.Ad-Hoc|x86.Build.0 = Release|Any CPU
		{86F99F35-3A8B-49DE-82CF-12D3AC05C517}.Ad-Hoc|x86.Deploy.0 = Release|Any CPU
		{86F99F35-3A8B-49DE-82CF-12D3AC05C517}.AppStore|Any CPU.ActiveCfg = Release|Any CPU
		{86F99F35-3A8B-49DE-82CF-12D3AC05C517}.AppStore|Any CPU.Build.0 = Release|Any CPU
		{86F99F35-3A8B-49DE-82CF-12D3AC05C517}.AppStore|Any CPU.Deploy.0 = Release|Any CPU
		{86F99F35-3A8B-49DE-82CF-12D3AC05C517}.AppStore|ARM.ActiveCfg = Release|Any CPU
		{86F99F35-3A8B-49DE-82CF-12D3AC05C517}.AppStore|ARM.Build.0 = Release|Any CPU
		{86F99F35-3A8B-49DE-82CF-12D3AC05C517}.AppStore|ARM.Deploy.0 = Release|Any CPU
		{86F99F35-3A8B-49DE-82CF-12D3AC05C517}.AppStore|iPhone.ActiveCfg = Release|Any CPU
		{86F99F35-3A8B-49DE-82CF-12D3AC05C517}.AppStore|iPhone.Build.0 = Release|Any CPU
		{86F99F35-3A8B-49DE-82CF-12D3AC05C517}.AppStore|iPhone.Deploy.0 = Release|Any CPU
		{86F99F35-3A8B-49DE-82CF-12D3AC05C517}.AppStore|iPhoneSimulator.ActiveCfg = Release|Any CPU
		{86F99F35-3A8B-49DE-82CF-12D3AC05C517}.AppStore|iPhoneSimulator.Build.0 = Release|Any CPU
		{86F99F35-3A8B-49DE-82CF-12D3AC05C517}.AppStore|iPhoneSimulator.Deploy.0 = Release|Any CPU
		{86F99F35-3A8B-49DE-82CF-12D3AC05C517}.AppStore|x64.ActiveCfg = Release|Any CPU
		{86F99F35-3A8B-49DE-82CF-12D3AC05C517}.AppStore|x64.Build.0 = Release|Any CPU
		{86F99F35-3A8B-49DE-82CF-12D3AC05C517}.AppStore|x64.Deploy.0 = Release|Any CPU
		{86F99F35-3A8B-49DE-82CF-12D3AC05C517}.AppStore|x86.ActiveCfg = Release|Any CPU
		{86F99F35-3A8B-49DE-82CF-12D3AC05C517}.AppStore|x86.Build.0 = Release|Any CPU
		{86F99F35-3A8B-49DE-82CF-12D3AC05C517}.AppStore|x86.Deploy.0 = Release|Any CPU
		{86F99F35-3A8B-49DE-82CF-12D3AC05C517}.Debug|Any CPU.ActiveCfg = Debug|Any CPU
		{86F99F35-3A8B-49DE-82CF-12D3AC05C517}.Debug|Any CPU.Build.0 = Debug|Any CPU
		{86F99F35-3A8B-49DE-82CF-12D3AC05C517}.Debug|Any CPU.Deploy.0 = Debug|Any CPU
		{86F99F35-3A8B-49DE-82CF-12D3AC05C517}.Debug|ARM.ActiveCfg = Debug|Any CPU
		{86F99F35-3A8B-49DE-82CF-12D3AC05C517}.Debug|ARM.Build.0 = Debug|Any CPU
		{86F99F35-3A8B-49DE-82CF-12D3AC05C517}.Debug|ARM.Deploy.0 = Debug|Any CPU
		{86F99F35-3A8B-49DE-82CF-12D3AC05C517}.Debug|iPhone.ActiveCfg = Debug|Any CPU
		{86F99F35-3A8B-49DE-82CF-12D3AC05C517}.Debug|iPhone.Build.0 = Debug|Any CPU
		{86F99F35-3A8B-49DE-82CF-12D3AC05C517}.Debug|iPhone.Deploy.0 = Debug|Any CPU
		{86F99F35-3A8B-49DE-82CF-12D3AC05C517}.Debug|iPhoneSimulator.ActiveCfg = Debug|Any CPU
		{86F99F35-3A8B-49DE-82CF-12D3AC05C517}.Debug|iPhoneSimulator.Build.0 = Debug|Any CPU
		{86F99F35-3A8B-49DE-82CF-12D3AC05C517}.Debug|iPhoneSimulator.Deploy.0 = Debug|Any CPU
		{86F99F35-3A8B-49DE-82CF-12D3AC05C517}.Debug|x64.ActiveCfg = Debug|Any CPU
		{86F99F35-3A8B-49DE-82CF-12D3AC05C517}.Debug|x64.Build.0 = Debug|Any CPU
		{86F99F35-3A8B-49DE-82CF-12D3AC05C517}.Debug|x64.Deploy.0 = Debug|Any CPU
		{86F99F35-3A8B-49DE-82CF-12D3AC05C517}.Debug|x86.ActiveCfg = Debug|Any CPU
		{86F99F35-3A8B-49DE-82CF-12D3AC05C517}.Debug|x86.Build.0 = Debug|Any CPU
		{86F99F35-3A8B-49DE-82CF-12D3AC05C517}.Debug|x86.Deploy.0 = Debug|Any CPU
		{86F99F35-3A8B-49DE-82CF-12D3AC05C517}.Release|Any CPU.ActiveCfg = Release|Any CPU
		{86F99F35-3A8B-49DE-82CF-12D3AC05C517}.Release|Any CPU.Build.0 = Release|Any CPU
		{86F99F35-3A8B-49DE-82CF-12D3AC05C517}.Release|Any CPU.Deploy.0 = Release|Any CPU
		{86F99F35-3A8B-49DE-82CF-12D3AC05C517}.Release|ARM.ActiveCfg = Release|Any CPU
		{86F99F35-3A8B-49DE-82CF-12D3AC05C517}.Release|ARM.Build.0 = Release|Any CPU
		{86F99F35-3A8B-49DE-82CF-12D3AC05C517}.Release|ARM.Deploy.0 = Release|Any CPU
		{86F99F35-3A8B-49DE-82CF-12D3AC05C517}.Release|iPhone.ActiveCfg = Release|Any CPU
		{86F99F35-3A8B-49DE-82CF-12D3AC05C517}.Release|iPhone.Build.0 = Release|Any CPU
		{86F99F35-3A8B-49DE-82CF-12D3AC05C517}.Release|iPhone.Deploy.0 = Release|Any CPU
		{86F99F35-3A8B-49DE-82CF-12D3AC05C517}.Release|iPhoneSimulator.ActiveCfg = Release|Any CPU
		{86F99F35-3A8B-49DE-82CF-12D3AC05C517}.Release|iPhoneSimulator.Build.0 = Release|Any CPU
		{86F99F35-3A8B-49DE-82CF-12D3AC05C517}.Release|iPhoneSimulator.Deploy.0 = Release|Any CPU
		{86F99F35-3A8B-49DE-82CF-12D3AC05C517}.Release|x64.ActiveCfg = Release|Any CPU
		{86F99F35-3A8B-49DE-82CF-12D3AC05C517}.Release|x64.Build.0 = Release|Any CPU
		{86F99F35-3A8B-49DE-82CF-12D3AC05C517}.Release|x64.Deploy.0 = Release|Any CPU
		{86F99F35-3A8B-49DE-82CF-12D3AC05C517}.Release|x86.ActiveCfg = Release|Any CPU
		{86F99F35-3A8B-49DE-82CF-12D3AC05C517}.Release|x86.Build.0 = Release|Any CPU
		{86F99F35-3A8B-49DE-82CF-12D3AC05C517}.Release|x86.Deploy.0 = Release|Any CPU
		{73E16D4A-B62E-45C4-BF2B-342F24CF37CE}.Ad-Hoc|Any CPU.ActiveCfg = Ad-Hoc|iPhone
		{73E16D4A-B62E-45C4-BF2B-342F24CF37CE}.Ad-Hoc|ARM.ActiveCfg = Ad-Hoc|iPhone
		{73E16D4A-B62E-45C4-BF2B-342F24CF37CE}.Ad-Hoc|iPhone.ActiveCfg = Ad-Hoc|iPhone
		{73E16D4A-B62E-45C4-BF2B-342F24CF37CE}.Ad-Hoc|iPhone.Build.0 = Ad-Hoc|iPhone
		{73E16D4A-B62E-45C4-BF2B-342F24CF37CE}.Ad-Hoc|iPhoneSimulator.ActiveCfg = Ad-Hoc|iPhoneSimulator
		{73E16D4A-B62E-45C4-BF2B-342F24CF37CE}.Ad-Hoc|iPhoneSimulator.Build.0 = Ad-Hoc|iPhoneSimulator
		{73E16D4A-B62E-45C4-BF2B-342F24CF37CE}.Ad-Hoc|x64.ActiveCfg = Ad-Hoc|iPhone
		{73E16D4A-B62E-45C4-BF2B-342F24CF37CE}.Ad-Hoc|x86.ActiveCfg = Ad-Hoc|iPhone
		{73E16D4A-B62E-45C4-BF2B-342F24CF37CE}.AppStore|Any CPU.ActiveCfg = AppStore|iPhone
		{73E16D4A-B62E-45C4-BF2B-342F24CF37CE}.AppStore|ARM.ActiveCfg = AppStore|iPhone
		{73E16D4A-B62E-45C4-BF2B-342F24CF37CE}.AppStore|iPhone.ActiveCfg = AppStore|iPhone
		{73E16D4A-B62E-45C4-BF2B-342F24CF37CE}.AppStore|iPhone.Build.0 = AppStore|iPhone
		{73E16D4A-B62E-45C4-BF2B-342F24CF37CE}.AppStore|iPhoneSimulator.ActiveCfg = AppStore|iPhoneSimulator
		{73E16D4A-B62E-45C4-BF2B-342F24CF37CE}.AppStore|iPhoneSimulator.Build.0 = AppStore|iPhoneSimulator
		{73E16D4A-B62E-45C4-BF2B-342F24CF37CE}.AppStore|x64.ActiveCfg = AppStore|iPhone
		{73E16D4A-B62E-45C4-BF2B-342F24CF37CE}.AppStore|x86.ActiveCfg = AppStore|iPhone
		{73E16D4A-B62E-45C4-BF2B-342F24CF37CE}.Debug|Any CPU.ActiveCfg = Debug|iPhone
		{73E16D4A-B62E-45C4-BF2B-342F24CF37CE}.Debug|ARM.ActiveCfg = Debug|iPhone
		{73E16D4A-B62E-45C4-BF2B-342F24CF37CE}.Debug|iPhone.ActiveCfg = Debug|iPhone
		{73E16D4A-B62E-45C4-BF2B-342F24CF37CE}.Debug|iPhone.Build.0 = Debug|iPhone
		{73E16D4A-B62E-45C4-BF2B-342F24CF37CE}.Debug|iPhoneSimulator.ActiveCfg = Debug|iPhoneSimulator
		{73E16D4A-B62E-45C4-BF2B-342F24CF37CE}.Debug|iPhoneSimulator.Build.0 = Debug|iPhoneSimulator
		{73E16D4A-B62E-45C4-BF2B-342F24CF37CE}.Debug|x64.ActiveCfg = Debug|iPhone
		{73E16D4A-B62E-45C4-BF2B-342F24CF37CE}.Debug|x86.ActiveCfg = Debug|iPhone
		{73E16D4A-B62E-45C4-BF2B-342F24CF37CE}.Release|Any CPU.ActiveCfg = Release|iPhone
		{73E16D4A-B62E-45C4-BF2B-342F24CF37CE}.Release|ARM.ActiveCfg = Release|iPhone
		{73E16D4A-B62E-45C4-BF2B-342F24CF37CE}.Release|iPhone.ActiveCfg = Release|iPhone
		{73E16D4A-B62E-45C4-BF2B-342F24CF37CE}.Release|iPhone.Build.0 = Release|iPhone
		{73E16D4A-B62E-45C4-BF2B-342F24CF37CE}.Release|iPhoneSimulator.ActiveCfg = Release|iPhoneSimulator
		{73E16D4A-B62E-45C4-BF2B-342F24CF37CE}.Release|iPhoneSimulator.Build.0 = Release|iPhoneSimulator
		{73E16D4A-B62E-45C4-BF2B-342F24CF37CE}.Release|x64.ActiveCfg = Release|iPhone
		{73E16D4A-B62E-45C4-BF2B-342F24CF37CE}.Release|x86.ActiveCfg = Release|iPhone
		{69C0A398-A4CB-4AEF-9B8C-5011C70E99D4}.Ad-Hoc|Any CPU.ActiveCfg = Release|Any CPU
		{69C0A398-A4CB-4AEF-9B8C-5011C70E99D4}.Ad-Hoc|Any CPU.Build.0 = Release|Any CPU
		{69C0A398-A4CB-4AEF-9B8C-5011C70E99D4}.Ad-Hoc|Any CPU.Deploy.0 = Release|Any CPU
		{69C0A398-A4CB-4AEF-9B8C-5011C70E99D4}.Ad-Hoc|ARM.ActiveCfg = Release|ARM
		{69C0A398-A4CB-4AEF-9B8C-5011C70E99D4}.Ad-Hoc|ARM.Build.0 = Release|ARM
		{69C0A398-A4CB-4AEF-9B8C-5011C70E99D4}.Ad-Hoc|ARM.Deploy.0 = Release|ARM
		{69C0A398-A4CB-4AEF-9B8C-5011C70E99D4}.Ad-Hoc|iPhone.ActiveCfg = Release|Any CPU
		{69C0A398-A4CB-4AEF-9B8C-5011C70E99D4}.Ad-Hoc|iPhone.Build.0 = Release|Any CPU
		{69C0A398-A4CB-4AEF-9B8C-5011C70E99D4}.Ad-Hoc|iPhone.Deploy.0 = Release|Any CPU
		{69C0A398-A4CB-4AEF-9B8C-5011C70E99D4}.Ad-Hoc|iPhoneSimulator.ActiveCfg = Release|Any CPU
		{69C0A398-A4CB-4AEF-9B8C-5011C70E99D4}.Ad-Hoc|iPhoneSimulator.Build.0 = Release|Any CPU
		{69C0A398-A4CB-4AEF-9B8C-5011C70E99D4}.Ad-Hoc|iPhoneSimulator.Deploy.0 = Release|Any CPU
		{69C0A398-A4CB-4AEF-9B8C-5011C70E99D4}.Ad-Hoc|x64.ActiveCfg = Release|Any CPU
		{69C0A398-A4CB-4AEF-9B8C-5011C70E99D4}.Ad-Hoc|x64.Build.0 = Release|Any CPU
		{69C0A398-A4CB-4AEF-9B8C-5011C70E99D4}.Ad-Hoc|x64.Deploy.0 = Release|Any CPU
		{69C0A398-A4CB-4AEF-9B8C-5011C70E99D4}.Ad-Hoc|x86.ActiveCfg = Release|x86
		{69C0A398-A4CB-4AEF-9B8C-5011C70E99D4}.Ad-Hoc|x86.Build.0 = Release|x86
		{69C0A398-A4CB-4AEF-9B8C-5011C70E99D4}.Ad-Hoc|x86.Deploy.0 = Release|x86
		{69C0A398-A4CB-4AEF-9B8C-5011C70E99D4}.AppStore|Any CPU.ActiveCfg = Release|Any CPU
		{69C0A398-A4CB-4AEF-9B8C-5011C70E99D4}.AppStore|Any CPU.Build.0 = Release|Any CPU
		{69C0A398-A4CB-4AEF-9B8C-5011C70E99D4}.AppStore|Any CPU.Deploy.0 = Release|Any CPU
		{69C0A398-A4CB-4AEF-9B8C-5011C70E99D4}.AppStore|ARM.ActiveCfg = Release|ARM
		{69C0A398-A4CB-4AEF-9B8C-5011C70E99D4}.AppStore|ARM.Build.0 = Release|ARM
		{69C0A398-A4CB-4AEF-9B8C-5011C70E99D4}.AppStore|ARM.Deploy.0 = Release|ARM
		{69C0A398-A4CB-4AEF-9B8C-5011C70E99D4}.AppStore|iPhone.ActiveCfg = Release|Any CPU
		{69C0A398-A4CB-4AEF-9B8C-5011C70E99D4}.AppStore|iPhone.Build.0 = Release|Any CPU
		{69C0A398-A4CB-4AEF-9B8C-5011C70E99D4}.AppStore|iPhone.Deploy.0 = Release|Any CPU
		{69C0A398-A4CB-4AEF-9B8C-5011C70E99D4}.AppStore|iPhoneSimulator.ActiveCfg = Release|Any CPU
		{69C0A398-A4CB-4AEF-9B8C-5011C70E99D4}.AppStore|iPhoneSimulator.Build.0 = Release|Any CPU
		{69C0A398-A4CB-4AEF-9B8C-5011C70E99D4}.AppStore|iPhoneSimulator.Deploy.0 = Release|Any CPU
		{69C0A398-A4CB-4AEF-9B8C-5011C70E99D4}.AppStore|x64.ActiveCfg = Release|Any CPU
		{69C0A398-A4CB-4AEF-9B8C-5011C70E99D4}.AppStore|x64.Build.0 = Release|Any CPU
		{69C0A398-A4CB-4AEF-9B8C-5011C70E99D4}.AppStore|x64.Deploy.0 = Release|Any CPU
		{69C0A398-A4CB-4AEF-9B8C-5011C70E99D4}.AppStore|x86.ActiveCfg = Release|x86
		{69C0A398-A4CB-4AEF-9B8C-5011C70E99D4}.AppStore|x86.Build.0 = Release|x86
		{69C0A398-A4CB-4AEF-9B8C-5011C70E99D4}.AppStore|x86.Deploy.0 = Release|x86
		{69C0A398-A4CB-4AEF-9B8C-5011C70E99D4}.Debug|Any CPU.ActiveCfg = Debug|Any CPU
		{69C0A398-A4CB-4AEF-9B8C-5011C70E99D4}.Debug|Any CPU.Build.0 = Debug|Any CPU
		{69C0A398-A4CB-4AEF-9B8C-5011C70E99D4}.Debug|Any CPU.Deploy.0 = Debug|Any CPU
		{69C0A398-A4CB-4AEF-9B8C-5011C70E99D4}.Debug|ARM.ActiveCfg = Debug|ARM
		{69C0A398-A4CB-4AEF-9B8C-5011C70E99D4}.Debug|ARM.Build.0 = Debug|ARM
		{69C0A398-A4CB-4AEF-9B8C-5011C70E99D4}.Debug|ARM.Deploy.0 = Debug|ARM
		{69C0A398-A4CB-4AEF-9B8C-5011C70E99D4}.Debug|iPhone.ActiveCfg = Debug|Any CPU
		{69C0A398-A4CB-4AEF-9B8C-5011C70E99D4}.Debug|iPhone.Build.0 = Debug|Any CPU
		{69C0A398-A4CB-4AEF-9B8C-5011C70E99D4}.Debug|iPhone.Deploy.0 = Debug|Any CPU
		{69C0A398-A4CB-4AEF-9B8C-5011C70E99D4}.Debug|iPhoneSimulator.ActiveCfg = Debug|Any CPU
		{69C0A398-A4CB-4AEF-9B8C-5011C70E99D4}.Debug|iPhoneSimulator.Build.0 = Debug|Any CPU
		{69C0A398-A4CB-4AEF-9B8C-5011C70E99D4}.Debug|iPhoneSimulator.Deploy.0 = Debug|Any CPU
		{69C0A398-A4CB-4AEF-9B8C-5011C70E99D4}.Debug|x64.ActiveCfg = Debug|Any CPU
		{69C0A398-A4CB-4AEF-9B8C-5011C70E99D4}.Debug|x64.Build.0 = Debug|Any CPU
		{69C0A398-A4CB-4AEF-9B8C-5011C70E99D4}.Debug|x64.Deploy.0 = Debug|Any CPU
		{69C0A398-A4CB-4AEF-9B8C-5011C70E99D4}.Debug|x86.ActiveCfg = Debug|x86
		{69C0A398-A4CB-4AEF-9B8C-5011C70E99D4}.Debug|x86.Build.0 = Debug|x86
		{69C0A398-A4CB-4AEF-9B8C-5011C70E99D4}.Debug|x86.Deploy.0 = Debug|x86
		{69C0A398-A4CB-4AEF-9B8C-5011C70E99D4}.Release|Any CPU.ActiveCfg = Release|Any CPU
		{69C0A398-A4CB-4AEF-9B8C-5011C70E99D4}.Release|Any CPU.Build.0 = Release|Any CPU
		{69C0A398-A4CB-4AEF-9B8C-5011C70E99D4}.Release|Any CPU.Deploy.0 = Release|Any CPU
		{69C0A398-A4CB-4AEF-9B8C-5011C70E99D4}.Release|ARM.ActiveCfg = Release|ARM
		{69C0A398-A4CB-4AEF-9B8C-5011C70E99D4}.Release|ARM.Build.0 = Release|ARM
		{69C0A398-A4CB-4AEF-9B8C-5011C70E99D4}.Release|ARM.Deploy.0 = Release|ARM
		{69C0A398-A4CB-4AEF-9B8C-5011C70E99D4}.Release|iPhone.ActiveCfg = Release|Any CPU
		{69C0A398-A4CB-4AEF-9B8C-5011C70E99D4}.Release|iPhone.Build.0 = Release|Any CPU
		{69C0A398-A4CB-4AEF-9B8C-5011C70E99D4}.Release|iPhone.Deploy.0 = Release|Any CPU
		{69C0A398-A4CB-4AEF-9B8C-5011C70E99D4}.Release|iPhoneSimulator.ActiveCfg = Release|Any CPU
		{69C0A398-A4CB-4AEF-9B8C-5011C70E99D4}.Release|iPhoneSimulator.Build.0 = Release|Any CPU
		{69C0A398-A4CB-4AEF-9B8C-5011C70E99D4}.Release|iPhoneSimulator.Deploy.0 = Release|Any CPU
		{69C0A398-A4CB-4AEF-9B8C-5011C70E99D4}.Release|x64.ActiveCfg = Release|Any CPU
		{69C0A398-A4CB-4AEF-9B8C-5011C70E99D4}.Release|x64.Build.0 = Release|Any CPU
		{69C0A398-A4CB-4AEF-9B8C-5011C70E99D4}.Release|x64.Deploy.0 = Release|Any CPU
		{69C0A398-A4CB-4AEF-9B8C-5011C70E99D4}.Release|x86.ActiveCfg = Release|x86
		{69C0A398-A4CB-4AEF-9B8C-5011C70E99D4}.Release|x86.Build.0 = Release|x86
		{69C0A398-A4CB-4AEF-9B8C-5011C70E99D4}.Release|x86.Deploy.0 = Release|x86
		{313F64C5-6DD2-41FA-AD79-CE9CBEB682C8}.Ad-Hoc|Any CPU.ActiveCfg = Release|x86
		{313F64C5-6DD2-41FA-AD79-CE9CBEB682C8}.Ad-Hoc|Any CPU.Build.0 = Release|x86
		{313F64C5-6DD2-41FA-AD79-CE9CBEB682C8}.Ad-Hoc|Any CPU.Deploy.0 = Release|x86
		{313F64C5-6DD2-41FA-AD79-CE9CBEB682C8}.Ad-Hoc|ARM.ActiveCfg = Release|ARM
		{313F64C5-6DD2-41FA-AD79-CE9CBEB682C8}.Ad-Hoc|ARM.Build.0 = Release|ARM
		{313F64C5-6DD2-41FA-AD79-CE9CBEB682C8}.Ad-Hoc|ARM.Deploy.0 = Release|ARM
		{313F64C5-6DD2-41FA-AD79-CE9CBEB682C8}.Ad-Hoc|iPhone.ActiveCfg = Release|x86
		{313F64C5-6DD2-41FA-AD79-CE9CBEB682C8}.Ad-Hoc|iPhone.Build.0 = Release|x86
		{313F64C5-6DD2-41FA-AD79-CE9CBEB682C8}.Ad-Hoc|iPhone.Deploy.0 = Release|x86
		{313F64C5-6DD2-41FA-AD79-CE9CBEB682C8}.Ad-Hoc|iPhoneSimulator.ActiveCfg = Release|x86
		{313F64C5-6DD2-41FA-AD79-CE9CBEB682C8}.Ad-Hoc|iPhoneSimulator.Build.0 = Release|x86
		{313F64C5-6DD2-41FA-AD79-CE9CBEB682C8}.Ad-Hoc|iPhoneSimulator.Deploy.0 = Release|x86
		{313F64C5-6DD2-41FA-AD79-CE9CBEB682C8}.Ad-Hoc|x64.ActiveCfg = Release|x64
		{313F64C5-6DD2-41FA-AD79-CE9CBEB682C8}.Ad-Hoc|x64.Build.0 = Release|x64
		{313F64C5-6DD2-41FA-AD79-CE9CBEB682C8}.Ad-Hoc|x64.Deploy.0 = Release|x64
		{313F64C5-6DD2-41FA-AD79-CE9CBEB682C8}.Ad-Hoc|x86.ActiveCfg = Release|x86
		{313F64C5-6DD2-41FA-AD79-CE9CBEB682C8}.Ad-Hoc|x86.Build.0 = Release|x86
		{313F64C5-6DD2-41FA-AD79-CE9CBEB682C8}.Ad-Hoc|x86.Deploy.0 = Release|x86
		{313F64C5-6DD2-41FA-AD79-CE9CBEB682C8}.AppStore|Any CPU.ActiveCfg = Release|x86
		{313F64C5-6DD2-41FA-AD79-CE9CBEB682C8}.AppStore|Any CPU.Build.0 = Release|x86
		{313F64C5-6DD2-41FA-AD79-CE9CBEB682C8}.AppStore|Any CPU.Deploy.0 = Release|x86
		{313F64C5-6DD2-41FA-AD79-CE9CBEB682C8}.AppStore|ARM.ActiveCfg = Release|ARM
		{313F64C5-6DD2-41FA-AD79-CE9CBEB682C8}.AppStore|ARM.Build.0 = Release|ARM
		{313F64C5-6DD2-41FA-AD79-CE9CBEB682C8}.AppStore|ARM.Deploy.0 = Release|ARM
		{313F64C5-6DD2-41FA-AD79-CE9CBEB682C8}.AppStore|iPhone.ActiveCfg = Release|x86
		{313F64C5-6DD2-41FA-AD79-CE9CBEB682C8}.AppStore|iPhone.Build.0 = Release|x86
		{313F64C5-6DD2-41FA-AD79-CE9CBEB682C8}.AppStore|iPhone.Deploy.0 = Release|x86
		{313F64C5-6DD2-41FA-AD79-CE9CBEB682C8}.AppStore|iPhoneSimulator.ActiveCfg = Release|x86
		{313F64C5-6DD2-41FA-AD79-CE9CBEB682C8}.AppStore|iPhoneSimulator.Build.0 = Release|x86
		{313F64C5-6DD2-41FA-AD79-CE9CBEB682C8}.AppStore|iPhoneSimulator.Deploy.0 = Release|x86
		{313F64C5-6DD2-41FA-AD79-CE9CBEB682C8}.AppStore|x64.ActiveCfg = Release|x64
		{313F64C5-6DD2-41FA-AD79-CE9CBEB682C8}.AppStore|x64.Build.0 = Release|x64
		{313F64C5-6DD2-41FA-AD79-CE9CBEB682C8}.AppStore|x64.Deploy.0 = Release|x64
		{313F64C5-6DD2-41FA-AD79-CE9CBEB682C8}.AppStore|x86.ActiveCfg = Release|x86
		{313F64C5-6DD2-41FA-AD79-CE9CBEB682C8}.AppStore|x86.Build.0 = Release|x86
		{313F64C5-6DD2-41FA-AD79-CE9CBEB682C8}.AppStore|x86.Deploy.0 = Release|x86
		{313F64C5-6DD2-41FA-AD79-CE9CBEB682C8}.Debug|Any CPU.ActiveCfg = Debug|x86
		{313F64C5-6DD2-41FA-AD79-CE9CBEB682C8}.Debug|ARM.ActiveCfg = Debug|ARM
		{313F64C5-6DD2-41FA-AD79-CE9CBEB682C8}.Debug|ARM.Build.0 = Debug|ARM
		{313F64C5-6DD2-41FA-AD79-CE9CBEB682C8}.Debug|ARM.Deploy.0 = Debug|ARM
		{313F64C5-6DD2-41FA-AD79-CE9CBEB682C8}.Debug|iPhone.ActiveCfg = Debug|x86
		{313F64C5-6DD2-41FA-AD79-CE9CBEB682C8}.Debug|iPhoneSimulator.ActiveCfg = Debug|x86
		{313F64C5-6DD2-41FA-AD79-CE9CBEB682C8}.Debug|x64.ActiveCfg = Debug|x64
		{313F64C5-6DD2-41FA-AD79-CE9CBEB682C8}.Debug|x64.Build.0 = Debug|x64
		{313F64C5-6DD2-41FA-AD79-CE9CBEB682C8}.Debug|x64.Deploy.0 = Debug|x64
		{313F64C5-6DD2-41FA-AD79-CE9CBEB682C8}.Debug|x86.ActiveCfg = Debug|x86
		{313F64C5-6DD2-41FA-AD79-CE9CBEB682C8}.Debug|x86.Build.0 = Debug|x86
		{313F64C5-6DD2-41FA-AD79-CE9CBEB682C8}.Debug|x86.Deploy.0 = Debug|x86
		{313F64C5-6DD2-41FA-AD79-CE9CBEB682C8}.Release|Any CPU.ActiveCfg = Release|x86
		{313F64C5-6DD2-41FA-AD79-CE9CBEB682C8}.Release|ARM.ActiveCfg = Release|ARM
		{313F64C5-6DD2-41FA-AD79-CE9CBEB682C8}.Release|ARM.Build.0 = Release|ARM
		{313F64C5-6DD2-41FA-AD79-CE9CBEB682C8}.Release|ARM.Deploy.0 = Release|ARM
		{313F64C5-6DD2-41FA-AD79-CE9CBEB682C8}.Release|iPhone.ActiveCfg = Release|x86
		{313F64C5-6DD2-41FA-AD79-CE9CBEB682C8}.Release|iPhoneSimulator.ActiveCfg = Release|x86
		{313F64C5-6DD2-41FA-AD79-CE9CBEB682C8}.Release|x64.ActiveCfg = Release|x64
		{313F64C5-6DD2-41FA-AD79-CE9CBEB682C8}.Release|x64.Build.0 = Release|x64
		{313F64C5-6DD2-41FA-AD79-CE9CBEB682C8}.Release|x64.Deploy.0 = Release|x64
		{313F64C5-6DD2-41FA-AD79-CE9CBEB682C8}.Release|x86.ActiveCfg = Release|x86
		{313F64C5-6DD2-41FA-AD79-CE9CBEB682C8}.Release|x86.Build.0 = Release|x86
		{313F64C5-6DD2-41FA-AD79-CE9CBEB682C8}.Release|x86.Deploy.0 = Release|x86
		{3EA524A5-0C81-40E0-AE4B-D05569F21A00}.Ad-Hoc|Any CPU.ActiveCfg = Release|Any CPU
		{3EA524A5-0C81-40E0-AE4B-D05569F21A00}.Ad-Hoc|Any CPU.Build.0 = Release|Any CPU
		{3EA524A5-0C81-40E0-AE4B-D05569F21A00}.Ad-Hoc|Any CPU.Deploy.0 = Release|Any CPU
		{3EA524A5-0C81-40E0-AE4B-D05569F21A00}.Ad-Hoc|ARM.ActiveCfg = Release|ARM
		{3EA524A5-0C81-40E0-AE4B-D05569F21A00}.Ad-Hoc|ARM.Build.0 = Release|ARM
		{3EA524A5-0C81-40E0-AE4B-D05569F21A00}.Ad-Hoc|ARM.Deploy.0 = Release|ARM
		{3EA524A5-0C81-40E0-AE4B-D05569F21A00}.Ad-Hoc|iPhone.ActiveCfg = Release|Any CPU
		{3EA524A5-0C81-40E0-AE4B-D05569F21A00}.Ad-Hoc|iPhone.Build.0 = Release|Any CPU
		{3EA524A5-0C81-40E0-AE4B-D05569F21A00}.Ad-Hoc|iPhone.Deploy.0 = Release|Any CPU
		{3EA524A5-0C81-40E0-AE4B-D05569F21A00}.Ad-Hoc|iPhoneSimulator.ActiveCfg = Release|Any CPU
		{3EA524A5-0C81-40E0-AE4B-D05569F21A00}.Ad-Hoc|iPhoneSimulator.Build.0 = Release|Any CPU
		{3EA524A5-0C81-40E0-AE4B-D05569F21A00}.Ad-Hoc|iPhoneSimulator.Deploy.0 = Release|Any CPU
		{3EA524A5-0C81-40E0-AE4B-D05569F21A00}.Ad-Hoc|x64.ActiveCfg = Release|x64
		{3EA524A5-0C81-40E0-AE4B-D05569F21A00}.Ad-Hoc|x64.Build.0 = Release|x64
		{3EA524A5-0C81-40E0-AE4B-D05569F21A00}.Ad-Hoc|x64.Deploy.0 = Release|x64
		{3EA524A5-0C81-40E0-AE4B-D05569F21A00}.Ad-Hoc|x86.ActiveCfg = Release|x86
		{3EA524A5-0C81-40E0-AE4B-D05569F21A00}.Ad-Hoc|x86.Build.0 = Release|x86
		{3EA524A5-0C81-40E0-AE4B-D05569F21A00}.Ad-Hoc|x86.Deploy.0 = Release|x86
		{3EA524A5-0C81-40E0-AE4B-D05569F21A00}.AppStore|Any CPU.ActiveCfg = Release|Any CPU
		{3EA524A5-0C81-40E0-AE4B-D05569F21A00}.AppStore|Any CPU.Build.0 = Release|Any CPU
		{3EA524A5-0C81-40E0-AE4B-D05569F21A00}.AppStore|Any CPU.Deploy.0 = Release|Any CPU
		{3EA524A5-0C81-40E0-AE4B-D05569F21A00}.AppStore|ARM.ActiveCfg = Release|ARM
		{3EA524A5-0C81-40E0-AE4B-D05569F21A00}.AppStore|ARM.Build.0 = Release|ARM
		{3EA524A5-0C81-40E0-AE4B-D05569F21A00}.AppStore|ARM.Deploy.0 = Release|ARM
		{3EA524A5-0C81-40E0-AE4B-D05569F21A00}.AppStore|iPhone.ActiveCfg = Release|Any CPU
		{3EA524A5-0C81-40E0-AE4B-D05569F21A00}.AppStore|iPhone.Build.0 = Release|Any CPU
		{3EA524A5-0C81-40E0-AE4B-D05569F21A00}.AppStore|iPhone.Deploy.0 = Release|Any CPU
		{3EA524A5-0C81-40E0-AE4B-D05569F21A00}.AppStore|iPhoneSimulator.ActiveCfg = Release|Any CPU
		{3EA524A5-0C81-40E0-AE4B-D05569F21A00}.AppStore|iPhoneSimulator.Build.0 = Release|Any CPU
		{3EA524A5-0C81-40E0-AE4B-D05569F21A00}.AppStore|iPhoneSimulator.Deploy.0 = Release|Any CPU
		{3EA524A5-0C81-40E0-AE4B-D05569F21A00}.AppStore|x64.ActiveCfg = Release|x64
		{3EA524A5-0C81-40E0-AE4B-D05569F21A00}.AppStore|x64.Build.0 = Release|x64
		{3EA524A5-0C81-40E0-AE4B-D05569F21A00}.AppStore|x64.Deploy.0 = Release|x64
		{3EA524A5-0C81-40E0-AE4B-D05569F21A00}.AppStore|x86.ActiveCfg = Release|x86
		{3EA524A5-0C81-40E0-AE4B-D05569F21A00}.AppStore|x86.Build.0 = Release|x86
		{3EA524A5-0C81-40E0-AE4B-D05569F21A00}.AppStore|x86.Deploy.0 = Release|x86
		{3EA524A5-0C81-40E0-AE4B-D05569F21A00}.Debug|Any CPU.ActiveCfg = Debug|Any CPU
		{3EA524A5-0C81-40E0-AE4B-D05569F21A00}.Debug|Any CPU.Build.0 = Debug|Any CPU
		{3EA524A5-0C81-40E0-AE4B-D05569F21A00}.Debug|Any CPU.Deploy.0 = Debug|Any CPU
		{3EA524A5-0C81-40E0-AE4B-D05569F21A00}.Debug|ARM.ActiveCfg = Debug|ARM
		{3EA524A5-0C81-40E0-AE4B-D05569F21A00}.Debug|ARM.Build.0 = Debug|ARM
		{3EA524A5-0C81-40E0-AE4B-D05569F21A00}.Debug|ARM.Deploy.0 = Debug|ARM
		{3EA524A5-0C81-40E0-AE4B-D05569F21A00}.Debug|iPhone.ActiveCfg = Debug|Any CPU
		{3EA524A5-0C81-40E0-AE4B-D05569F21A00}.Debug|iPhone.Build.0 = Debug|Any CPU
		{3EA524A5-0C81-40E0-AE4B-D05569F21A00}.Debug|iPhone.Deploy.0 = Debug|Any CPU
		{3EA524A5-0C81-40E0-AE4B-D05569F21A00}.Debug|iPhoneSimulator.ActiveCfg = Debug|Any CPU
		{3EA524A5-0C81-40E0-AE4B-D05569F21A00}.Debug|iPhoneSimulator.Build.0 = Debug|Any CPU
		{3EA524A5-0C81-40E0-AE4B-D05569F21A00}.Debug|iPhoneSimulator.Deploy.0 = Debug|Any CPU
		{3EA524A5-0C81-40E0-AE4B-D05569F21A00}.Debug|x64.ActiveCfg = Debug|x64
		{3EA524A5-0C81-40E0-AE4B-D05569F21A00}.Debug|x64.Build.0 = Debug|x64
		{3EA524A5-0C81-40E0-AE4B-D05569F21A00}.Debug|x64.Deploy.0 = Debug|x64
		{3EA524A5-0C81-40E0-AE4B-D05569F21A00}.Debug|x86.ActiveCfg = Debug|x86
		{3EA524A5-0C81-40E0-AE4B-D05569F21A00}.Debug|x86.Build.0 = Debug|x86
		{3EA524A5-0C81-40E0-AE4B-D05569F21A00}.Debug|x86.Deploy.0 = Debug|x86
		{3EA524A5-0C81-40E0-AE4B-D05569F21A00}.Release|Any CPU.ActiveCfg = Release|Any CPU
		{3EA524A5-0C81-40E0-AE4B-D05569F21A00}.Release|Any CPU.Build.0 = Release|Any CPU
		{3EA524A5-0C81-40E0-AE4B-D05569F21A00}.Release|Any CPU.Deploy.0 = Release|Any CPU
		{3EA524A5-0C81-40E0-AE4B-D05569F21A00}.Release|ARM.ActiveCfg = Release|ARM
		{3EA524A5-0C81-40E0-AE4B-D05569F21A00}.Release|ARM.Build.0 = Release|ARM
		{3EA524A5-0C81-40E0-AE4B-D05569F21A00}.Release|ARM.Deploy.0 = Release|ARM
		{3EA524A5-0C81-40E0-AE4B-D05569F21A00}.Release|iPhone.ActiveCfg = Release|Any CPU
		{3EA524A5-0C81-40E0-AE4B-D05569F21A00}.Release|iPhone.Build.0 = Release|Any CPU
		{3EA524A5-0C81-40E0-AE4B-D05569F21A00}.Release|iPhone.Deploy.0 = Release|Any CPU
		{3EA524A5-0C81-40E0-AE4B-D05569F21A00}.Release|iPhoneSimulator.ActiveCfg = Release|Any CPU
		{3EA524A5-0C81-40E0-AE4B-D05569F21A00}.Release|iPhoneSimulator.Build.0 = Release|Any CPU
		{3EA524A5-0C81-40E0-AE4B-D05569F21A00}.Release|iPhoneSimulator.Deploy.0 = Release|Any CPU
		{3EA524A5-0C81-40E0-AE4B-D05569F21A00}.Release|x64.ActiveCfg = Release|x64
		{3EA524A5-0C81-40E0-AE4B-D05569F21A00}.Release|x64.Build.0 = Release|x64
		{3EA524A5-0C81-40E0-AE4B-D05569F21A00}.Release|x64.Deploy.0 = Release|x64
		{3EA524A5-0C81-40E0-AE4B-D05569F21A00}.Release|x86.ActiveCfg = Release|x86
		{3EA524A5-0C81-40E0-AE4B-D05569F21A00}.Release|x86.Build.0 = Release|x86
		{3EA524A5-0C81-40E0-AE4B-D05569F21A00}.Release|x86.Deploy.0 = Release|x86
		{F65C010C-125A-4561-8DAA-5C7F27E42B0A}.Ad-Hoc|Any CPU.ActiveCfg = Release|Any CPU
		{F65C010C-125A-4561-8DAA-5C7F27E42B0A}.Ad-Hoc|Any CPU.Build.0 = Release|Any CPU
		{F65C010C-125A-4561-8DAA-5C7F27E42B0A}.Ad-Hoc|ARM.ActiveCfg = Release|Any CPU
		{F65C010C-125A-4561-8DAA-5C7F27E42B0A}.Ad-Hoc|ARM.Build.0 = Release|Any CPU
		{F65C010C-125A-4561-8DAA-5C7F27E42B0A}.Ad-Hoc|iPhone.ActiveCfg = Release|Any CPU
		{F65C010C-125A-4561-8DAA-5C7F27E42B0A}.Ad-Hoc|iPhone.Build.0 = Release|Any CPU
		{F65C010C-125A-4561-8DAA-5C7F27E42B0A}.Ad-Hoc|iPhoneSimulator.ActiveCfg = Release|Any CPU
		{F65C010C-125A-4561-8DAA-5C7F27E42B0A}.Ad-Hoc|iPhoneSimulator.Build.0 = Release|Any CPU
		{F65C010C-125A-4561-8DAA-5C7F27E42B0A}.Ad-Hoc|x64.ActiveCfg = Release|Any CPU
		{F65C010C-125A-4561-8DAA-5C7F27E42B0A}.Ad-Hoc|x64.Build.0 = Release|Any CPU
		{F65C010C-125A-4561-8DAA-5C7F27E42B0A}.Ad-Hoc|x86.ActiveCfg = Release|Any CPU
		{F65C010C-125A-4561-8DAA-5C7F27E42B0A}.Ad-Hoc|x86.Build.0 = Release|Any CPU
		{F65C010C-125A-4561-8DAA-5C7F27E42B0A}.AppStore|Any CPU.ActiveCfg = Release|Any CPU
		{F65C010C-125A-4561-8DAA-5C7F27E42B0A}.AppStore|Any CPU.Build.0 = Release|Any CPU
		{F65C010C-125A-4561-8DAA-5C7F27E42B0A}.AppStore|ARM.ActiveCfg = Release|Any CPU
		{F65C010C-125A-4561-8DAA-5C7F27E42B0A}.AppStore|ARM.Build.0 = Release|Any CPU
		{F65C010C-125A-4561-8DAA-5C7F27E42B0A}.AppStore|iPhone.ActiveCfg = Release|Any CPU
		{F65C010C-125A-4561-8DAA-5C7F27E42B0A}.AppStore|iPhone.Build.0 = Release|Any CPU
		{F65C010C-125A-4561-8DAA-5C7F27E42B0A}.AppStore|iPhoneSimulator.ActiveCfg = Release|Any CPU
		{F65C010C-125A-4561-8DAA-5C7F27E42B0A}.AppStore|iPhoneSimulator.Build.0 = Release|Any CPU
		{F65C010C-125A-4561-8DAA-5C7F27E42B0A}.AppStore|x64.ActiveCfg = Release|Any CPU
		{F65C010C-125A-4561-8DAA-5C7F27E42B0A}.AppStore|x64.Build.0 = Release|Any CPU
		{F65C010C-125A-4561-8DAA-5C7F27E42B0A}.AppStore|x86.ActiveCfg = Release|Any CPU
		{F65C010C-125A-4561-8DAA-5C7F27E42B0A}.AppStore|x86.Build.0 = Release|Any CPU
		{F65C010C-125A-4561-8DAA-5C7F27E42B0A}.Debug|Any CPU.ActiveCfg = Debug|Any CPU
		{F65C010C-125A-4561-8DAA-5C7F27E42B0A}.Debug|Any CPU.Build.0 = Debug|Any CPU
		{F65C010C-125A-4561-8DAA-5C7F27E42B0A}.Debug|ARM.ActiveCfg = Debug|Any CPU
		{F65C010C-125A-4561-8DAA-5C7F27E42B0A}.Debug|ARM.Build.0 = Debug|Any CPU
		{F65C010C-125A-4561-8DAA-5C7F27E42B0A}.Debug|iPhone.ActiveCfg = Debug|Any CPU
		{F65C010C-125A-4561-8DAA-5C7F27E42B0A}.Debug|iPhone.Build.0 = Debug|Any CPU
		{F65C010C-125A-4561-8DAA-5C7F27E42B0A}.Debug|iPhoneSimulator.ActiveCfg = Debug|Any CPU
		{F65C010C-125A-4561-8DAA-5C7F27E42B0A}.Debug|iPhoneSimulator.Build.0 = Debug|Any CPU
		{F65C010C-125A-4561-8DAA-5C7F27E42B0A}.Debug|x64.ActiveCfg = Debug|Any CPU
		{F65C010C-125A-4561-8DAA-5C7F27E42B0A}.Debug|x64.Build.0 = Debug|Any CPU
		{F65C010C-125A-4561-8DAA-5C7F27E42B0A}.Debug|x86.ActiveCfg = Debug|Any CPU
		{F65C010C-125A-4561-8DAA-5C7F27E42B0A}.Debug|x86.Build.0 = Debug|Any CPU
		{F65C010C-125A-4561-8DAA-5C7F27E42B0A}.Release|Any CPU.ActiveCfg = Release|Any CPU
		{F65C010C-125A-4561-8DAA-5C7F27E42B0A}.Release|Any CPU.Build.0 = Release|Any CPU
		{F65C010C-125A-4561-8DAA-5C7F27E42B0A}.Release|ARM.ActiveCfg = Release|Any CPU
		{F65C010C-125A-4561-8DAA-5C7F27E42B0A}.Release|ARM.Build.0 = Release|Any CPU
		{F65C010C-125A-4561-8DAA-5C7F27E42B0A}.Release|iPhone.ActiveCfg = Release|Any CPU
		{F65C010C-125A-4561-8DAA-5C7F27E42B0A}.Release|iPhone.Build.0 = Release|Any CPU
		{F65C010C-125A-4561-8DAA-5C7F27E42B0A}.Release|iPhoneSimulator.ActiveCfg = Release|Any CPU
		{F65C010C-125A-4561-8DAA-5C7F27E42B0A}.Release|iPhoneSimulator.Build.0 = Release|Any CPU
		{F65C010C-125A-4561-8DAA-5C7F27E42B0A}.Release|x64.ActiveCfg = Release|Any CPU
		{F65C010C-125A-4561-8DAA-5C7F27E42B0A}.Release|x64.Build.0 = Release|Any CPU
		{F65C010C-125A-4561-8DAA-5C7F27E42B0A}.Release|x86.ActiveCfg = Release|Any CPU
		{F65C010C-125A-4561-8DAA-5C7F27E42B0A}.Release|x86.Build.0 = Release|Any CPU
	EndGlobalSection
	GlobalSection(SolutionProperties) = preSolution
		HideSolutionNode = FALSE
	EndGlobalSection
EndGlobal
